<?xml version="1.0" encoding="utf-8"?>
<Project ToolsVersion="4.0" xmlns="http://schemas.microsoft.com/developer/msbuild/2003">
  <ItemGroup>
    <Filter Include="dic">
      <UniqueIdentifier>{e82c8449-4061-4e4a-8a27-9ceaf4d5b45b}</UniqueIdentifier>
    </Filter>
    <Filter Include="src">
      <UniqueIdentifier>{3f58b635-689f-44ef-a7f7-6148678dd73a}</UniqueIdentifier>
    </Filter>
    <Filter Include="xmorph">
      <UniqueIdentifier>{ded7a34b-ff30-4c33-bca5-4e0453139a37}</UniqueIdentifier>
    </Filter>
  </ItemGroup>
  <ItemGroup>
    <ClCompile Include="mlmamain.cpp">
      <Filter>src</Filter>
    </ClCompile>
    <ClCompile Include="..\dictree\classmap.cpp">
      <Filter>dic</Filter>
    </ClCompile>
    <ClCompile Include="..\dictree\flexTree.cpp">
      <Filter>dic</Filter>
    </ClCompile>
    <ClCompile Include="..\dictree\lidstree.cpp">
      <Filter>dic</Filter>
    </ClCompile>
    <ClCompile Include="..\dictree\mixTypes.cpp">
      <Filter>dic</Filter>
    </ClCompile>
    <ClCompile Include="..\dictree\mxTables.cpp">
      <Filter>dic</Filter>
    </ClCompile>
    <ClCompile Include="..\dictree\stemtree.cpp">
      <Filter>dic</Filter>
    </ClCompile>
    <ClCompile Include="..\..\xmorph\capsheme.cpp">
      <Filter>xmorph</Filter>
    </ClCompile>
    <ClCompile Include="..\..\xmorph\wildscan.cpp">
      <Filter>xmorph</Filter>
    </ClCompile>
    <ClCompile Include="..\..\xmorph\lemmatiz.cpp">
      <Filter>xmorph</Filter>
    </ClCompile>
    <ClCompile Include="chartype.cpp">
      <Filter>src</Filter>
    </ClCompile>
  </ItemGroup>
  <ItemGroup>
    <ClInclude Include="mlmadefs.h">
      <Filter>src</Filter>
    </ClInclude>
    <ClInclude Include="namespace.h">
      <Filter>src</Filter>
    </ClInclude>
    <ClInclude Include="..\..\xmorph\capsheme.h">
      <Filter>xmorph</Filter>
    </ClInclude>
    <ClInclude Include="..\..\xmorph\grammap.h">
      <Filter>xmorph</Filter>
    </ClInclude>
    <ClInclude Include="..\..\xmorph\scandict.h">
      <Filter>xmorph</Filter>
    </ClInclude>
    <ClInclude Include="..\..\xmorph\gramlist.h">
      <Filter>xmorph</Filter>
    </ClInclude>
    <ClInclude Include="..\..\xmorph\scanlist.h">
      <Filter>xmorph</Filter>
    </ClInclude>
    <ClInclude Include="..\..\xmorph\wildscan.h">
      <Filter>xmorph</Filter>
    </ClInclude>
    <ClInclude Include="..\..\xmorph\flexmake.h">
      <Filter>xmorph</Filter>
    </ClInclude>
    <ClInclude Include="..\..\xmorph\lemmatiz.h">
      <Filter>xmorph</Filter>
    </ClInclude>
  </ItemGroup>
</Project>