
Microsoft Visual Studio Solution File, Format Version 12.00
# Visual Studio 14
VisualStudioVersion = 14.0.24720.0
MinimumVisualStudioVersion = 10.0.40219.1
Project("{8BC9CEB8-8B4A-11D0-8D11-00A0C91BC942}") = "libmorphrus", "rus\libdict\libmorphrus.vcxproj", "{2BAFA88C-7418-4067-B946-8C72CD0E4737}"
EndProject
Project("{8BC9CEB8-8B4A-11D0-8D11-00A0C91BC942}") = "dllmorphrus", "rus\libdict\dllmorphrus.vcxproj", "{3D5D12E9-8961-420A-9D78-C968170B8B57}"
EndProject
Project("{8BC9CEB8-8B4A-11D0-8D11-00A0C91BC942}") = "libcodes", "..\libcodes\libcodes.vcxproj", "{A94FABAE-AE15-4B92-8197-4AFB28B9BBCC}"
EndProject
Global
	GlobalSection(SolutionConfigurationPlatforms) = preSolution
		Debug|x64 = Debug|x64
		Debug|x86 = Debug|x86
		Release|x64 = Release|x64
		Release|x86 = Release|x86
	EndGlobalSection
	GlobalSection(ProjectConfigurationPlatforms) = postSolution
		{2BAFA88C-7418-4067-B946-8C72CD0E4737}.Debug|x64.ActiveCfg = Debug|x64
		{2BAFA88C-7418-4067-B946-8C72CD0E4737}.Debug|x64.Build.0 = Debug|x64
		{2BAFA88C-7418-4067-B946-8C72CD0E4737}.Debug|x86.ActiveCfg = Debug|Win32
		{2BAFA88C-7418-4067-B946-8C72CD0E4737}.Debug|x86.Build.0 = Debug|Win32
		{2BAFA88C-7418-4067-B946-8C72CD0E4737}.Release|x64.ActiveCfg = Release|x64
		{2BAFA88C-7418-4067-B946-8C72CD0E4737}.Release|x64.Build.0 = Release|x64
		{2BAFA88C-7418-4067-B946-8C72CD0E4737}.Release|x86.ActiveCfg = Release|Win32
		{2BAFA88C-7418-4067-B946-8C72CD0E4737}.Release|x86.Build.0 = Release|Win32
		{3D5D12E9-8961-420A-9D78-C968170B8B57}.Debug|x64.ActiveCfg = Debug|x64
		{3D5D12E9-8961-420A-9D78-C968170B8B57}.Debug|x64.Build.0 = Debug|x64
		{3D5D12E9-8961-420A-9D78-C968170B8B57}.Debug|x86.ActiveCfg = Debug|Win32
		{3D5D12E9-8961-420A-9D78-C968170B8B57}.Debug|x86.Build.0 = Debug|Win32
		{3D5D12E9-8961-420A-9D78-C968170B8B57}.Release|x64.ActiveCfg = Release|x64
		{3D5D12E9-8961-420A-9D78-C968170B8B57}.Release|x64.Build.0 = Release|x64
		{3D5D12E9-8961-420A-9D78-C968170B8B57}.Release|x86.ActiveCfg = Release|Win32
		{3D5D12E9-8961-420A-9D78-C968170B8B57}.Release|x86.Build.0 = Release|Win32
		{A94FABAE-AE15-4B92-8197-4AFB28B9BBCC}.Debug|x64.ActiveCfg = Debug|x64
		{A94FABAE-AE15-4B92-8197-4AFB28B9BBCC}.Debug|x64.Build.0 = Debug|x64
		{A94FABAE-AE15-4B92-8197-4AFB28B9BBCC}.Debug|x86.ActiveCfg = Debug|Win32
		{A94FABAE-AE15-4B92-8197-4AFB28B9BBCC}.Debug|x86.Build.0 = Debug|Win32
		{A94FABAE-AE15-4B92-8197-4AFB28B9BBCC}.Release|x64.ActiveCfg = Release|x64
		{A94FABAE-AE15-4B92-8197-4AFB28B9BBCC}.Release|x64.Build.0 = Release|x64
		{A94FABAE-AE15-4B92-8197-4AFB28B9BBCC}.Release|x86.ActiveCfg = Release|Win32
		{A94FABAE-AE15-4B92-8197-4AFB28B9BBCC}.Release|x86.Build.0 = Release|Win32
	EndGlobalSection
	GlobalSection(SolutionProperties) = preSolution
		HideSolutionNode = FALSE
	EndGlobalSection
EndGlobal
