
Microsoft Visual Studio Solution File, Format Version 12.00
# Visual Studio 15
VisualStudioVersion = 15.0.27703.2035
MinimumVisualStudioVersion = 10.0.40219.1
Project("{8BC9CEB8-8B4A-11D0-8D11-00A0C91BC942}") = "libmorphrus", "rus\libdict\libmorphrus.vcxproj", "{2BAFA88C-7418-4067-B946-8C72CD0E4737}"
EndProject
Project("{8BC9CEB8-8B4A-11D0-8D11-00A0C91BC942}") = "dllmorphrus", "rus\libdict\dllmorphrus.vcxproj", "{3D5D12E9-8961-420A-9D78-C968170B8B57}"
EndProject
Project("{8BC9CEB8-8B4A-11D0-8D11-00A0C91BC942}") = "rusbuildic", "rus\buildic\rusbuildic.vcxproj", "{94ECC230-A5EB-4BF0-A7BA-BAA268B137ED}"
EndProject
Project("{8BC9CEB8-8B4A-11D0-8D11-00A0C91BC942}") = "test.libmorphrus", "rus\libdict\test\test.libmorphrus.vcxproj", "{253D7C55-2637-40FF-A106-DADB8E3009D1}"
EndProject
Project("{8BC9CEB8-8B4A-11D0-8D11-00A0C91BC942}") = "makeich", "rus\makeich\makeich.vcxproj", "{F82609F9-1D90-41D3-81B2-0E74E7AF685A}"
EndProject
Project("{8BC9CEB8-8B4A-11D0-8D11-00A0C91BC942}") = "dicdump", "rus\dicdump\dicdump.vcxproj", "{605E124C-CEC6-4471-825B-182563E0DE19}"
EndProject
Project("{8BC9CEB8-8B4A-11D0-8D11-00A0C91BC942}") = "tfc", "tfc\tfc.vcxproj", "{44FA11A0-66D9-415E-9B7B-F10B80B70B98}"
EndProject
Project("{8BC9CEB8-8B4A-11D0-8D11-00A0C91BC942}") = "libcodes", "contrib\libcodes\libcodes.vcxproj", "{A94FABAE-AE15-4B92-8197-4AFB28B9BBCC}"
EndProject
Global
	GlobalSection(SolutionConfigurationPlatforms) = preSolution
		Debug|x64 = Debug|x64
		Debug|x86 = Debug|x86
		Debug-Dll|x64 = Debug-Dll|x64
		Debug-Dll|x86 = Debug-Dll|x86
		Debug-Lib|x64 = Debug-Lib|x64
		Debug-Lib|x86 = Debug-Lib|x86
		DllDebug|x64 = DllDebug|x64
		DllDebug|x86 = DllDebug|x86
		DllRelease|x64 = DllRelease|x64
		DllRelease|x86 = DllRelease|x86
		Release|x64 = Release|x64
		Release|x86 = Release|x86
		Release-Dll|x64 = Release-Dll|x64
		Release-Dll|x86 = Release-Dll|x86
		Release-Lib|x64 = Release-Lib|x64
		Release-Lib|x86 = Release-Lib|x86
	EndGlobalSection
	GlobalSection(ProjectConfigurationPlatforms) = postSolution
		{2BAFA88C-7418-4067-B946-8C72CD0E4737}.Debug|x64.ActiveCfg = Debug|x64
		{2BAFA88C-7418-4067-B946-8C72CD0E4737}.Debug|x64.Build.0 = Debug|x64
		{2BAFA88C-7418-4067-B946-8C72CD0E4737}.Debug|x86.ActiveCfg = Debug|Win32
		{2BAFA88C-7418-4067-B946-8C72CD0E4737}.Debug|x86.Build.0 = Debug|Win32
		{2BAFA88C-7418-4067-B946-8C72CD0E4737}.Debug-Dll|x64.ActiveCfg = Debug|x64
		{2BAFA88C-7418-4067-B946-8C72CD0E4737}.Debug-Dll|x64.Build.0 = Debug|x64
		{2BAFA88C-7418-4067-B946-8C72CD0E4737}.Debug-Dll|x86.ActiveCfg = Debug|Win32
		{2BAFA88C-7418-4067-B946-8C72CD0E4737}.Debug-Dll|x86.Build.0 = Debug|Win32
		{2BAFA88C-7418-4067-B946-8C72CD0E4737}.Debug-Lib|x64.ActiveCfg = Debug|x64
		{2BAFA88C-7418-4067-B946-8C72CD0E4737}.Debug-Lib|x64.Build.0 = Debug|x64
		{2BAFA88C-7418-4067-B946-8C72CD0E4737}.Debug-Lib|x86.ActiveCfg = Debug|Win32
		{2BAFA88C-7418-4067-B946-8C72CD0E4737}.Debug-Lib|x86.Build.0 = Debug|Win32
		{2BAFA88C-7418-4067-B946-8C72CD0E4737}.DllDebug|x64.ActiveCfg = Debug|x64
		{2BAFA88C-7418-4067-B946-8C72CD0E4737}.DllDebug|x64.Build.0 = Debug|x64
		{2BAFA88C-7418-4067-B946-8C72CD0E4737}.DllDebug|x86.ActiveCfg = Debug|Win32
		{2BAFA88C-7418-4067-B946-8C72CD0E4737}.DllDebug|x86.Build.0 = Debug|Win32
		{2BAFA88C-7418-4067-B946-8C72CD0E4737}.DllRelease|x64.ActiveCfg = Release|x64
		{2BAFA88C-7418-4067-B946-8C72CD0E4737}.DllRelease|x64.Build.0 = Release|x64
		{2BAFA88C-7418-4067-B946-8C72CD0E4737}.DllRelease|x86.ActiveCfg = Release|Win32
		{2BAFA88C-7418-4067-B946-8C72CD0E4737}.DllRelease|x86.Build.0 = Release|Win32
		{2BAFA88C-7418-4067-B946-8C72CD0E4737}.Release|x64.ActiveCfg = Release|x64
		{2BAFA88C-7418-4067-B946-8C72CD0E4737}.Release|x64.Build.0 = Release|x64
		{2BAFA88C-7418-4067-B946-8C72CD0E4737}.Release|x86.ActiveCfg = Release|Win32
		{2BAFA88C-7418-4067-B946-8C72CD0E4737}.Release|x86.Build.0 = Release|Win32
		{2BAFA88C-7418-4067-B946-8C72CD0E4737}.Release-Dll|x64.ActiveCfg = Release|x64
		{2BAFA88C-7418-4067-B946-8C72CD0E4737}.Release-Dll|x64.Build.0 = Release|x64
		{2BAFA88C-7418-4067-B946-8C72CD0E4737}.Release-Dll|x86.ActiveCfg = Release|Win32
		{2BAFA88C-7418-4067-B946-8C72CD0E4737}.Release-Dll|x86.Build.0 = Release|Win32
		{2BAFA88C-7418-4067-B946-8C72CD0E4737}.Release-Lib|x64.ActiveCfg = Release|x64
		{2BAFA88C-7418-4067-B946-8C72CD0E4737}.Release-Lib|x64.Build.0 = Release|x64
		{2BAFA88C-7418-4067-B946-8C72CD0E4737}.Release-Lib|x86.ActiveCfg = Release|Win32
		{2BAFA88C-7418-4067-B946-8C72CD0E4737}.Release-Lib|x86.Build.0 = Release|Win32
		{3D5D12E9-8961-420A-9D78-C968170B8B57}.Debug|x64.ActiveCfg = Debug|x64
		{3D5D12E9-8961-420A-9D78-C968170B8B57}.Debug|x64.Build.0 = Debug|x64
		{3D5D12E9-8961-420A-9D78-C968170B8B57}.Debug|x86.ActiveCfg = Debug|Win32
		{3D5D12E9-8961-420A-9D78-C968170B8B57}.Debug|x86.Build.0 = Debug|Win32
		{3D5D12E9-8961-420A-9D78-C968170B8B57}.Debug-Dll|x64.ActiveCfg = Debug|x64
		{3D5D12E9-8961-420A-9D78-C968170B8B57}.Debug-Dll|x64.Build.0 = Debug|x64
		{3D5D12E9-8961-420A-9D78-C968170B8B57}.Debug-Dll|x86.ActiveCfg = Debug|Win32
		{3D5D12E9-8961-420A-9D78-C968170B8B57}.Debug-Dll|x86.Build.0 = Debug|Win32
		{3D5D12E9-8961-420A-9D78-C968170B8B57}.Debug-Lib|x64.ActiveCfg = Debug|x64
		{3D5D12E9-8961-420A-9D78-C968170B8B57}.Debug-Lib|x64.Build.0 = Debug|x64
		{3D5D12E9-8961-420A-9D78-C968170B8B57}.Debug-Lib|x86.ActiveCfg = Debug|Win32
		{3D5D12E9-8961-420A-9D78-C968170B8B57}.Debug-Lib|x86.Build.0 = Debug|Win32
		{3D5D12E9-8961-420A-9D78-C968170B8B57}.DllDebug|x64.ActiveCfg = Debug|x64
		{3D5D12E9-8961-420A-9D78-C968170B8B57}.DllDebug|x64.Build.0 = Debug|x64
		{3D5D12E9-8961-420A-9D78-C968170B8B57}.DllDebug|x86.ActiveCfg = Debug|Win32
		{3D5D12E9-8961-420A-9D78-C968170B8B57}.DllDebug|x86.Build.0 = Debug|Win32
		{3D5D12E9-8961-420A-9D78-C968170B8B57}.DllRelease|x64.ActiveCfg = Release|x64
		{3D5D12E9-8961-420A-9D78-C968170B8B57}.DllRelease|x64.Build.0 = Release|x64
		{3D5D12E9-8961-420A-9D78-C968170B8B57}.DllRelease|x86.ActiveCfg = Release|Win32
		{3D5D12E9-8961-420A-9D78-C968170B8B57}.DllRelease|x86.Build.0 = Release|Win32
		{3D5D12E9-8961-420A-9D78-C968170B8B57}.Release|x64.ActiveCfg = Release|x64
		{3D5D12E9-8961-420A-9D78-C968170B8B57}.Release|x64.Build.0 = Release|x64
		{3D5D12E9-8961-420A-9D78-C968170B8B57}.Release|x86.ActiveCfg = Release|Win32
		{3D5D12E9-8961-420A-9D78-C968170B8B57}.Release|x86.Build.0 = Release|Win32
		{3D5D12E9-8961-420A-9D78-C968170B8B57}.Release-Dll|x64.ActiveCfg = Release|x64
		{3D5D12E9-8961-420A-9D78-C968170B8B57}.Release-Dll|x64.Build.0 = Release|x64
		{3D5D12E9-8961-420A-9D78-C968170B8B57}.Release-Dll|x86.ActiveCfg = Release|Win32
		{3D5D12E9-8961-420A-9D78-C968170B8B57}.Release-Dll|x86.Build.0 = Release|Win32
		{3D5D12E9-8961-420A-9D78-C968170B8B57}.Release-Lib|x64.ActiveCfg = Release|x64
		{3D5D12E9-8961-420A-9D78-C968170B8B57}.Release-Lib|x64.Build.0 = Release|x64
		{3D5D12E9-8961-420A-9D78-C968170B8B57}.Release-Lib|x86.ActiveCfg = Release|Win32
		{3D5D12E9-8961-420A-9D78-C968170B8B57}.Release-Lib|x86.Build.0 = Release|Win32
		{94ECC230-A5EB-4BF0-A7BA-BAA268B137ED}.Debug|x64.ActiveCfg = Debug|x64
		{94ECC230-A5EB-4BF0-A7BA-BAA268B137ED}.Debug|x86.ActiveCfg = Debug|Win32
		{94ECC230-A5EB-4BF0-A7BA-BAA268B137ED}.Debug|x86.Build.0 = Debug|Win32
		{94ECC230-A5EB-4BF0-A7BA-BAA268B137ED}.Debug-Dll|x64.ActiveCfg = Debug|x64
		{94ECC230-A5EB-4BF0-A7BA-BAA268B137ED}.Debug-Dll|x64.Build.0 = Debug|x64
		{94ECC230-A5EB-4BF0-A7BA-BAA268B137ED}.Debug-Dll|x86.ActiveCfg = Debug|Win32
		{94ECC230-A5EB-4BF0-A7BA-BAA268B137ED}.Debug-Dll|x86.Build.0 = Debug|Win32
		{94ECC230-A5EB-4BF0-A7BA-BAA268B137ED}.Debug-Lib|x64.ActiveCfg = Debug|x64
		{94ECC230-A5EB-4BF0-A7BA-BAA268B137ED}.Debug-Lib|x64.Build.0 = Debug|x64
		{94ECC230-A5EB-4BF0-A7BA-BAA268B137ED}.Debug-Lib|x86.ActiveCfg = Debug|Win32
		{94ECC230-A5EB-4BF0-A7BA-BAA268B137ED}.Debug-Lib|x86.Build.0 = Debug|Win32
		{94ECC230-A5EB-4BF0-A7BA-BAA268B137ED}.DllDebug|x64.ActiveCfg = Debug|x64
		{94ECC230-A5EB-4BF0-A7BA-BAA268B137ED}.DllDebug|x64.Build.0 = Debug|x64
		{94ECC230-A5EB-4BF0-A7BA-BAA268B137ED}.DllDebug|x86.ActiveCfg = Debug|Win32
		{94ECC230-A5EB-4BF0-A7BA-BAA268B137ED}.DllDebug|x86.Build.0 = Debug|Win32
		{94ECC230-A5EB-4BF0-A7BA-BAA268B137ED}.DllRelease|x64.ActiveCfg = Release|x64
		{94ECC230-A5EB-4BF0-A7BA-BAA268B137ED}.DllRelease|x64.Build.0 = Release|x64
		{94ECC230-A5EB-4BF0-A7BA-BAA268B137ED}.DllRelease|x86.ActiveCfg = Release|Win32
		{94ECC230-A5EB-4BF0-A7BA-BAA268B137ED}.DllRelease|x86.Build.0 = Release|Win32
		{94ECC230-A5EB-4BF0-A7BA-BAA268B137ED}.Release|x64.ActiveCfg = Release|Win32
		{94ECC230-A5EB-4BF0-A7BA-BAA268B137ED}.Release|x86.ActiveCfg = Release|Win32
		{94ECC230-A5EB-4BF0-A7BA-BAA268B137ED}.Release|x86.Build.0 = Release|Win32
		{94ECC230-A5EB-4BF0-A7BA-BAA268B137ED}.Release-Dll|x64.ActiveCfg = Release|x64
		{94ECC230-A5EB-4BF0-A7BA-BAA268B137ED}.Release-Dll|x64.Build.0 = Release|x64
		{94ECC230-A5EB-4BF0-A7BA-BAA268B137ED}.Release-Dll|x86.ActiveCfg = Release|Win32
		{94ECC230-A5EB-4BF0-A7BA-BAA268B137ED}.Release-Dll|x86.Build.0 = Release|Win32
		{94ECC230-A5EB-4BF0-A7BA-BAA268B137ED}.Release-Lib|x64.ActiveCfg = Release|x64
		{94ECC230-A5EB-4BF0-A7BA-BAA268B137ED}.Release-Lib|x64.Build.0 = Release|x64
		{94ECC230-A5EB-4BF0-A7BA-BAA268B137ED}.Release-Lib|x86.ActiveCfg = Release|Win32
		{94ECC230-A5EB-4BF0-A7BA-BAA268B137ED}.Release-Lib|x86.Build.0 = Release|Win32
		{253D7C55-2637-40FF-A106-DADB8E3009D1}.Debug|x64.ActiveCfg = Debug|x64
		{253D7C55-2637-40FF-A106-DADB8E3009D1}.Debug|x64.Build.0 = Debug|x64
		{253D7C55-2637-40FF-A106-DADB8E3009D1}.Debug|x86.ActiveCfg = Debug|Win32
		{253D7C55-2637-40FF-A106-DADB8E3009D1}.Debug|x86.Build.0 = Debug|Win32
		{253D7C55-2637-40FF-A106-DADB8E3009D1}.Debug-Dll|x64.ActiveCfg = Debug|x64
		{253D7C55-2637-40FF-A106-DADB8E3009D1}.Debug-Dll|x64.Build.0 = Debug|x64
		{253D7C55-2637-40FF-A106-DADB8E3009D1}.Debug-Dll|x86.ActiveCfg = Debug|Win32
		{253D7C55-2637-40FF-A106-DADB8E3009D1}.Debug-Dll|x86.Build.0 = Debug|Win32
		{253D7C55-2637-40FF-A106-DADB8E3009D1}.Debug-Lib|x64.ActiveCfg = Debug|x64
		{253D7C55-2637-40FF-A106-DADB8E3009D1}.Debug-Lib|x64.Build.0 = Debug|x64
		{253D7C55-2637-40FF-A106-DADB8E3009D1}.Debug-Lib|x86.ActiveCfg = Debug|Win32
		{253D7C55-2637-40FF-A106-DADB8E3009D1}.Debug-Lib|x86.Build.0 = Debug|Win32
		{253D7C55-2637-40FF-A106-DADB8E3009D1}.DllDebug|x64.ActiveCfg = Debug|x64
		{253D7C55-2637-40FF-A106-DADB8E3009D1}.DllDebug|x64.Build.0 = Debug|x64
		{253D7C55-2637-40FF-A106-DADB8E3009D1}.DllDebug|x86.ActiveCfg = Debug|Win32
		{253D7C55-2637-40FF-A106-DADB8E3009D1}.DllDebug|x86.Build.0 = Debug|Win32
		{253D7C55-2637-40FF-A106-DADB8E3009D1}.DllRelease|x64.ActiveCfg = Release|x64
		{253D7C55-2637-40FF-A106-DADB8E3009D1}.DllRelease|x64.Build.0 = Release|x64
		{253D7C55-2637-40FF-A106-DADB8E3009D1}.DllRelease|x86.ActiveCfg = Release|Win32
		{253D7C55-2637-40FF-A106-DADB8E3009D1}.DllRelease|x86.Build.0 = Release|Win32
		{253D7C55-2637-40FF-A106-DADB8E3009D1}.Release|x64.ActiveCfg = Release|x64
		{253D7C55-2637-40FF-A106-DADB8E3009D1}.Release|x64.Build.0 = Release|x64
		{253D7C55-2637-40FF-A106-DADB8E3009D1}.Release|x86.ActiveCfg = Release|Win32
		{253D7C55-2637-40FF-A106-DADB8E3009D1}.Release|x86.Build.0 = Release|Win32
		{253D7C55-2637-40FF-A106-DADB8E3009D1}.Release-Dll|x64.ActiveCfg = Release|x64
		{253D7C55-2637-40FF-A106-DADB8E3009D1}.Release-Dll|x64.Build.0 = Release|x64
		{253D7C55-2637-40FF-A106-DADB8E3009D1}.Release-Dll|x86.ActiveCfg = Release|Win32
		{253D7C55-2637-40FF-A106-DADB8E3009D1}.Release-Dll|x86.Build.0 = Release|Win32
		{253D7C55-2637-40FF-A106-DADB8E3009D1}.Release-Lib|x64.ActiveCfg = Release|x64
		{253D7C55-2637-40FF-A106-DADB8E3009D1}.Release-Lib|x64.Build.0 = Release|x64
		{253D7C55-2637-40FF-A106-DADB8E3009D1}.Release-Lib|x86.ActiveCfg = Release|Win32
		{253D7C55-2637-40FF-A106-DADB8E3009D1}.Release-Lib|x86.Build.0 = Release|Win32
		{F82609F9-1D90-41D3-81B2-0E74E7AF685A}.Debug|x64.ActiveCfg = Debug|Win32
		{F82609F9-1D90-41D3-81B2-0E74E7AF685A}.Debug|x86.ActiveCfg = Debug|Win32
		{F82609F9-1D90-41D3-81B2-0E74E7AF685A}.Debug|x86.Build.0 = Debug|Win32
		{F82609F9-1D90-41D3-81B2-0E74E7AF685A}.Debug-Dll|x64.ActiveCfg = Debug|Win32
		{F82609F9-1D90-41D3-81B2-0E74E7AF685A}.Debug-Dll|x64.Build.0 = Debug|Win32
		{F82609F9-1D90-41D3-81B2-0E74E7AF685A}.Debug-Dll|x86.ActiveCfg = Debug|Win32
		{F82609F9-1D90-41D3-81B2-0E74E7AF685A}.Debug-Dll|x86.Build.0 = Debug|Win32
		{F82609F9-1D90-41D3-81B2-0E74E7AF685A}.Debug-Lib|x64.ActiveCfg = Debug|Win32
		{F82609F9-1D90-41D3-81B2-0E74E7AF685A}.Debug-Lib|x64.Build.0 = Debug|Win32
		{F82609F9-1D90-41D3-81B2-0E74E7AF685A}.Debug-Lib|x86.ActiveCfg = Debug|Win32
		{F82609F9-1D90-41D3-81B2-0E74E7AF685A}.Debug-Lib|x86.Build.0 = Debug|Win32
		{F82609F9-1D90-41D3-81B2-0E74E7AF685A}.DllDebug|x64.ActiveCfg = Debug|Win32
		{F82609F9-1D90-41D3-81B2-0E74E7AF685A}.DllDebug|x64.Build.0 = Debug|Win32
		{F82609F9-1D90-41D3-81B2-0E74E7AF685A}.DllDebug|x86.ActiveCfg = Debug|Win32
		{F82609F9-1D90-41D3-81B2-0E74E7AF685A}.DllDebug|x86.Build.0 = Debug|Win32
		{F82609F9-1D90-41D3-81B2-0E74E7AF685A}.DllRelease|x64.ActiveCfg = Debug|Win32
		{F82609F9-1D90-41D3-81B2-0E74E7AF685A}.DllRelease|x64.Build.0 = Debug|Win32
		{F82609F9-1D90-41D3-81B2-0E74E7AF685A}.DllRelease|x86.ActiveCfg = Release|Win32
		{F82609F9-1D90-41D3-81B2-0E74E7AF685A}.DllRelease|x86.Build.0 = Release|Win32
		{F82609F9-1D90-41D3-81B2-0E74E7AF685A}.Release|x64.ActiveCfg = Release|Win32
		{F82609F9-1D90-41D3-81B2-0E74E7AF685A}.Release|x86.ActiveCfg = Release|Win32
		{F82609F9-1D90-41D3-81B2-0E74E7AF685A}.Release|x86.Build.0 = Release|Win32
		{F82609F9-1D90-41D3-81B2-0E74E7AF685A}.Release-Dll|x64.ActiveCfg = Debug|Win32
		{F82609F9-1D90-41D3-81B2-0E74E7AF685A}.Release-Dll|x64.Build.0 = Debug|Win32
		{F82609F9-1D90-41D3-81B2-0E74E7AF685A}.Release-Dll|x86.ActiveCfg = Release|Win32
		{F82609F9-1D90-41D3-81B2-0E74E7AF685A}.Release-Dll|x86.Build.0 = Release|Win32
		{F82609F9-1D90-41D3-81B2-0E74E7AF685A}.Release-Lib|x64.ActiveCfg = Debug|Win32
		{F82609F9-1D90-41D3-81B2-0E74E7AF685A}.Release-Lib|x64.Build.0 = Debug|Win32
		{F82609F9-1D90-41D3-81B2-0E74E7AF685A}.Release-Lib|x86.ActiveCfg = Release|Win32
		{F82609F9-1D90-41D3-81B2-0E74E7AF685A}.Release-Lib|x86.Build.0 = Release|Win32
		{605E124C-CEC6-4471-825B-182563E0DE19}.Debug|x64.ActiveCfg = Debug|x64
		{605E124C-CEC6-4471-825B-182563E0DE19}.Debug|x64.Build.0 = Debug|x64
		{605E124C-CEC6-4471-825B-182563E0DE19}.Debug|x86.ActiveCfg = Debug|Win32
		{605E124C-CEC6-4471-825B-182563E0DE19}.Debug|x86.Build.0 = Debug|Win32
		{605E124C-CEC6-4471-825B-182563E0DE19}.Debug-Dll|x64.ActiveCfg = Debug|x64
		{605E124C-CEC6-4471-825B-182563E0DE19}.Debug-Dll|x64.Build.0 = Debug|x64
		{605E124C-CEC6-4471-825B-182563E0DE19}.Debug-Dll|x86.ActiveCfg = Debug|Win32
		{605E124C-CEC6-4471-825B-182563E0DE19}.Debug-Dll|x86.Build.0 = Debug|Win32
		{605E124C-CEC6-4471-825B-182563E0DE19}.Debug-Lib|x64.ActiveCfg = Debug|x64
		{605E124C-CEC6-4471-825B-182563E0DE19}.Debug-Lib|x64.Build.0 = Debug|x64
		{605E124C-CEC6-4471-825B-182563E0DE19}.Debug-Lib|x86.ActiveCfg = Debug|Win32
		{605E124C-CEC6-4471-825B-182563E0DE19}.Debug-Lib|x86.Build.0 = Debug|Win32
		{605E124C-CEC6-4471-825B-182563E0DE19}.DllDebug|x64.ActiveCfg = Debug|x64
		{605E124C-CEC6-4471-825B-182563E0DE19}.DllDebug|x64.Build.0 = Debug|x64
		{605E124C-CEC6-4471-825B-182563E0DE19}.DllDebug|x86.ActiveCfg = Debug|Win32
		{605E124C-CEC6-4471-825B-182563E0DE19}.DllDebug|x86.Build.0 = Debug|Win32
		{605E124C-CEC6-4471-825B-182563E0DE19}.DllRelease|x64.ActiveCfg = Release|x64
		{605E124C-CEC6-4471-825B-182563E0DE19}.DllRelease|x64.Build.0 = Release|x64
		{605E124C-CEC6-4471-825B-182563E0DE19}.DllRelease|x86.ActiveCfg = Release|Win32
		{605E124C-CEC6-4471-825B-182563E0DE19}.DllRelease|x86.Build.0 = Release|Win32
		{605E124C-CEC6-4471-825B-182563E0DE19}.Release|x64.ActiveCfg = Release|x64
		{605E124C-CEC6-4471-825B-182563E0DE19}.Release|x64.Build.0 = Release|x64
		{605E124C-CEC6-4471-825B-182563E0DE19}.Release|x86.ActiveCfg = Release|Win32
		{605E124C-CEC6-4471-825B-182563E0DE19}.Release|x86.Build.0 = Release|Win32
		{605E124C-CEC6-4471-825B-182563E0DE19}.Release-Dll|x64.ActiveCfg = Release|x64
		{605E124C-CEC6-4471-825B-182563E0DE19}.Release-Dll|x64.Build.0 = Release|x64
		{605E124C-CEC6-4471-825B-182563E0DE19}.Release-Dll|x86.ActiveCfg = Release|Win32
		{605E124C-CEC6-4471-825B-182563E0DE19}.Release-Dll|x86.Build.0 = Release|Win32
		{605E124C-CEC6-4471-825B-182563E0DE19}.Release-Lib|x64.ActiveCfg = Release|x64
		{605E124C-CEC6-4471-825B-182563E0DE19}.Release-Lib|x64.Build.0 = Release|x64
		{605E124C-CEC6-4471-825B-182563E0DE19}.Release-Lib|x86.ActiveCfg = Release|Win32
		{605E124C-CEC6-4471-825B-182563E0DE19}.Release-Lib|x86.Build.0 = Release|Win32
		{44FA11A0-66D9-415E-9B7B-F10B80B70B98}.Debug|x64.ActiveCfg = Debug|x64
		{44FA11A0-66D9-415E-9B7B-F10B80B70B98}.Debug|x64.Build.0 = Debug|x64
		{44FA11A0-66D9-415E-9B7B-F10B80B70B98}.Debug|x86.ActiveCfg = Debug|Win32
		{44FA11A0-66D9-415E-9B7B-F10B80B70B98}.Debug|x86.Build.0 = Debug|Win32
		{44FA11A0-66D9-415E-9B7B-F10B80B70B98}.Debug-Dll|x64.ActiveCfg = Debug|x64
		{44FA11A0-66D9-415E-9B7B-F10B80B70B98}.Debug-Dll|x64.Build.0 = Debug|x64
		{44FA11A0-66D9-415E-9B7B-F10B80B70B98}.Debug-Dll|x86.ActiveCfg = Debug|Win32
		{44FA11A0-66D9-415E-9B7B-F10B80B70B98}.Debug-Dll|x86.Build.0 = Debug|Win32
		{44FA11A0-66D9-415E-9B7B-F10B80B70B98}.Debug-Lib|x64.ActiveCfg = Debug|x64
		{44FA11A0-66D9-415E-9B7B-F10B80B70B98}.Debug-Lib|x64.Build.0 = Debug|x64
		{44FA11A0-66D9-415E-9B7B-F10B80B70B98}.Debug-Lib|x86.ActiveCfg = Debug|Win32
		{44FA11A0-66D9-415E-9B7B-F10B80B70B98}.Debug-Lib|x86.Build.0 = Debug|Win32
		{44FA11A0-66D9-415E-9B7B-F10B80B70B98}.DllDebug|x64.ActiveCfg = Debug|x64
		{44FA11A0-66D9-415E-9B7B-F10B80B70B98}.DllDebug|x64.Build.0 = Debug|x64
		{44FA11A0-66D9-415E-9B7B-F10B80B70B98}.DllDebug|x86.ActiveCfg = Debug|Win32
		{44FA11A0-66D9-415E-9B7B-F10B80B70B98}.DllDebug|x86.Build.0 = Debug|Win32
		{44FA11A0-66D9-415E-9B7B-F10B80B70B98}.DllRelease|x64.ActiveCfg = Release|x64
		{44FA11A0-66D9-415E-9B7B-F10B80B70B98}.DllRelease|x64.Build.0 = Release|x64
		{44FA11A0-66D9-415E-9B7B-F10B80B70B98}.DllRelease|x86.ActiveCfg = Release|Win32
		{44FA11A0-66D9-415E-9B7B-F10B80B70B98}.DllRelease|x86.Build.0 = Release|Win32
		{44FA11A0-66D9-415E-9B7B-F10B80B70B98}.Release|x64.ActiveCfg = Release|x64
		{44FA11A0-66D9-415E-9B7B-F10B80B70B98}.Release|x64.Build.0 = Release|x64
		{44FA11A0-66D9-415E-9B7B-F10B80B70B98}.Release|x86.ActiveCfg = Release|Win32
		{44FA11A0-66D9-415E-9B7B-F10B80B70B98}.Release|x86.Build.0 = Release|Win32
		{44FA11A0-66D9-415E-9B7B-F10B80B70B98}.Release-Dll|x64.ActiveCfg = Release|x64
		{44FA11A0-66D9-415E-9B7B-F10B80B70B98}.Release-Dll|x64.Build.0 = Release|x64
		{44FA11A0-66D9-415E-9B7B-F10B80B70B98}.Release-Dll|x86.ActiveCfg = Release|Win32
		{44FA11A0-66D9-415E-9B7B-F10B80B70B98}.Release-Dll|x86.Build.0 = Release|Win32
		{44FA11A0-66D9-415E-9B7B-F10B80B70B98}.Release-Lib|x64.ActiveCfg = Release|x64
		{44FA11A0-66D9-415E-9B7B-F10B80B70B98}.Release-Lib|x64.Build.0 = Release|x64
		{44FA11A0-66D9-415E-9B7B-F10B80B70B98}.Release-Lib|x86.ActiveCfg = Release|Win32
		{44FA11A0-66D9-415E-9B7B-F10B80B70B98}.Release-Lib|x86.Build.0 = Release|Win32
		{A94FABAE-AE15-4B92-8197-4AFB28B9BBCC}.Debug|x64.ActiveCfg = Debug|x64
		{A94FABAE-AE15-4B92-8197-4AFB28B9BBCC}.Debug|x64.Build.0 = Debug|x64
		{A94FABAE-AE15-4B92-8197-4AFB28B9BBCC}.Debug|x86.ActiveCfg = Debug|Win32
		{A94FABAE-AE15-4B92-8197-4AFB28B9BBCC}.Debug|x86.Build.0 = Debug|Win32
		{A94FABAE-AE15-4B92-8197-4AFB28B9BBCC}.Debug-Dll|x64.ActiveCfg = Debug|x64
		{A94FABAE-AE15-4B92-8197-4AFB28B9BBCC}.Debug-Dll|x64.Build.0 = Debug|x64
		{A94FABAE-AE15-4B92-8197-4AFB28B9BBCC}.Debug-Dll|x86.ActiveCfg = Debug|Win32
		{A94FABAE-AE15-4B92-8197-4AFB28B9BBCC}.Debug-Dll|x86.Build.0 = Debug|Win32
		{A94FABAE-AE15-4B92-8197-4AFB28B9BBCC}.Debug-Lib|x64.ActiveCfg = Debug|x64
		{A94FABAE-AE15-4B92-8197-4AFB28B9BBCC}.Debug-Lib|x64.Build.0 = Debug|x64
		{A94FABAE-AE15-4B92-8197-4AFB28B9BBCC}.Debug-Lib|x86.ActiveCfg = Debug|Win32
		{A94FABAE-AE15-4B92-8197-4AFB28B9BBCC}.Debug-Lib|x86.Build.0 = Debug|Win32
		{A94FABAE-AE15-4B92-8197-4AFB28B9BBCC}.DllDebug|x64.ActiveCfg = Debug|x64
		{A94FABAE-AE15-4B92-8197-4AFB28B9BBCC}.DllDebug|x64.Build.0 = Debug|x64
		{A94FABAE-AE15-4B92-8197-4AFB28B9BBCC}.DllDebug|x86.ActiveCfg = Debug|Win32
		{A94FABAE-AE15-4B92-8197-4AFB28B9BBCC}.DllDebug|x86.Build.0 = Debug|Win32
		{A94FABAE-AE15-4B92-8197-4AFB28B9BBCC}.DllRelease|x64.ActiveCfg = Release|x64
		{A94FABAE-AE15-4B92-8197-4AFB28B9BBCC}.DllRelease|x64.Build.0 = Release|x64
		{A94FABAE-AE15-4B92-8197-4AFB28B9BBCC}.DllRelease|x86.ActiveCfg = Release|Win32
		{A94FABAE-AE15-4B92-8197-4AFB28B9BBCC}.DllRelease|x86.Build.0 = Release|Win32
		{A94FABAE-AE15-4B92-8197-4AFB28B9BBCC}.Release|x64.ActiveCfg = Release|x64
		{A94FABAE-AE15-4B92-8197-4AFB28B9BBCC}.Release|x64.Build.0 = Release|x64
		{A94FABAE-AE15-4B92-8197-4AFB28B9BBCC}.Release|x86.ActiveCfg = Release|Win32
		{A94FABAE-AE15-4B92-8197-4AFB28B9BBCC}.Release|x86.Build.0 = Release|Win32
		{A94FABAE-AE15-4B92-8197-4AFB28B9BBCC}.Release-Dll|x64.ActiveCfg = Release|x64
		{A94FABAE-AE15-4B92-8197-4AFB28B9BBCC}.Release-Dll|x64.Build.0 = Release|x64
		{A94FABAE-AE15-4B92-8197-4AFB28B9BBCC}.Release-Dll|x86.ActiveCfg = Release|Win32
		{A94FABAE-AE15-4B92-8197-4AFB28B9BBCC}.Release-Dll|x86.Build.0 = Release|Win32
		{A94FABAE-AE15-4B92-8197-4AFB28B9BBCC}.Release-Lib|x64.ActiveCfg = Release|x64
		{A94FABAE-AE15-4B92-8197-4AFB28B9BBCC}.Release-Lib|x64.Build.0 = Release|x64
		{A94FABAE-AE15-4B92-8197-4AFB28B9BBCC}.Release-Lib|x86.ActiveCfg = Release|Win32
		{A94FABAE-AE15-4B92-8197-4AFB28B9BBCC}.Release-Lib|x86.Build.0 = Release|Win32
	EndGlobalSection
	GlobalSection(SolutionProperties) = preSolution
		HideSolutionNode = FALSE
	EndGlobalSection
	GlobalSection(ExtensibilityGlobals) = postSolution
		SolutionGuid = {AC12E8C3-733A-4725-99D3-1CD3F7629645}
	EndGlobalSection
EndGlobal
